
Microsoft Visual Studio Solution File, Format Version 12.00
# Visual Studio 15
Project("{FAE04EC0-301F-11D3-BF4B-00C04F79EFBC}") = "MerryYellow.CodeAssist.Editor", "MerryYellow.CodeAssist.Editor.csproj", "{1F2880E8-05CE-ADAB-7ACB-EC24AE9C8EEB}"
EndProject
Project("{FAE04EC0-301F-11D3-BF4B-00C04F79EFBC}") = "Assembly-CSharp", "Assembly-CSharp.csproj", "{A43E4336-9691-E7B5-90F7-AEEF89A5D5BE}"
EndProject
Project("{FAE04EC0-301F-11D3-BF4B-00C04F79EFBC}") = "Assembly-CSharp-Editor", "Assembly-CSharp-Editor.csproj", "{003EFAA5-0847-991B-3F85-FCE9AC3F31EE}"
EndProject
Global
	GlobalSection(SolutionConfigurationPlatforms) = preSolution
		Debug|Any CPU = Debug|Any CPU
		Release|Any CPU = Release|Any CPU
	EndGlobalSection
	GlobalSection(ProjectConfigurationPlatforms) = postSolution
		{1F2880E8-05CE-ADAB-7ACB-EC24AE9C8EEB}.Debug|Any CPU.ActiveCfg = Debug|Any CPU
		{1F2880E8-05CE-ADAB-7ACB-EC24AE9C8EEB}.Debug|Any CPU.Build.0 = Debug|Any CPU
		{1F2880E8-05CE-ADAB-7ACB-EC24AE9C8EEB}.Release|Any CPU.ActiveCfg = Release|Any CPU
		{1F2880E8-05CE-ADAB-7ACB-EC24AE9C8EEB}.Release|Any CPU.Build.0 = Release|Any CPU
		{A43E4336-9691-E7B5-90F7-AEEF89A5D5BE}.Debug|Any CPU.ActiveCfg = Debug|Any CPU
		{A43E4336-9691-E7B5-90F7-AEEF89A5D5BE}.Debug|Any CPU.Build.0 = Debug|Any CPU
		{A43E4336-9691-E7B5-90F7-AEEF89A5D5BE}.Release|Any CPU.ActiveCfg = Release|Any CPU
		{A43E4336-9691-E7B5-90F7-AEEF89A5D5BE}.Release|Any CPU.Build.0 = Release|Any CPU
		{003EFAA5-0847-991B-3F85-FCE9AC3F31EE}.Debug|Any CPU.ActiveCfg = Debug|Any CPU
		{003EFAA5-0847-991B-3F85-FCE9AC3F31EE}.Debug|Any CPU.Build.0 = Debug|Any CPU
		{003EFAA5-0847-991B-3F85-FCE9AC3F31EE}.Release|Any CPU.ActiveCfg = Release|Any CPU
		{003EFAA5-0847-991B-3F85-FCE9AC3F31EE}.Release|Any CPU.Build.0 = Release|Any CPU
	EndGlobalSection
	GlobalSection(SolutionProperties) = preSolution
		HideSolutionNode = FALSE
	EndGlobalSection
EndGlobal
